// !$*UTF8*$!
{
	archiveVersion = 1;
	classes = {
	};
	objectVersion = 46;
	objects = {

/* Begin PBXBuildFile section */
		739922911CE034E300846C9F /* main.m in Sources */ = {isa = PBXBuildFile; fileRef = 739922901CE034E300846C9F /* main.m */; };
		739922941CE034E300846C9F /* AppDelegate.m in Sources */ = {isa = PBXBuildFile; fileRef = 739922931CE034E300846C9F /* AppDelegate.m */; };
		739922971CE034E300846C9F /* ViewController.m in Sources */ = {isa = PBXBuildFile; fileRef = 739922961CE034E300846C9F /* ViewController.m */; };
		7399229A1CE034E300846C9F /* Main.storyboard in Resources */ = {isa = PBXBuildFile; fileRef = 739922981CE034E300846C9F /* Main.storyboard */; };
		7399229C1CE034E300846C9F /* Assets.xcassets in Resources */ = {isa = PBXBuildFile; fileRef = 7399229B1CE034E300846C9F /* Assets.xcassets */; };
		7399229F1CE034E300846C9F /* LaunchScreen.storyboard in Resources */ = {isa = PBXBuildFile; fileRef = 7399229D1CE034E300846C9F /* LaunchScreen.storyboard */; };
		739922AA1CE034E300846C9F /* UUDatePicker_DemoUITests.m in Sources */ = {isa = PBXBuildFile; fileRef = 739922A91CE034E300846C9F /* UUDatePicker_DemoUITests.m */; };
/* End PBXBuildFile section */

/* Begin PBXContainerItemProxy section */
		739922A61CE034E300846C9F /* PBXContainerItemProxy */ = {
			isa = PBXContainerItemProxy;
			containerPortal = 739922841CE034E200846C9F /* Project object */;
			proxyType = 1;
			remoteGlobalIDString = 7399228B1CE034E200846C9F;
			remoteInfo = UUDatePicker_Demo;
		};
/* End PBXContainerItemProxy section */

/* Begin PBXFileReference section */
		7399228C1CE034E200846C9F /* UUDatePicker_Demo.app */ = {isa = PBXFileReference; explicitFileType = wrapper.application; includeInIndex = 0; path = UUDatePicker_Demo.app; sourceTree = BUILT_PRODUCTS_DIR; };
		739922901CE034E300846C9F /* main.m */ = {isa = PBXFileReference; lastKnownFileType = sourcecode.c.objc; path = main.m; sourceTree = "<group>"; };
		739922921CE034E300846C9F /* AppDelegate.h */ = {isa = PBXFileReference; lastKnownFileType = sourcecode.c.h; path = AppDelegate.h; sourceTree = "<group>"; };
		739922931CE034E300846C9F /* AppDelegate.m */ = {isa = PBXFileReference; lastKnownFileType = sourcecode.c.objc; path = AppDelegate.m; sourceTree = "<group>"; };
		739922951CE034E300846C9F /* ViewController.h */ = {isa = PBXFileReference; lastKnownFileType = sourcecode.c.h; path = ViewController.h; sourceTree = "<group>"; };
		739922961CE034E300846C9F /* ViewController.m */ = {isa = PBXFileReference; lastKnownFileType = sourcecode.c.objc; path = ViewController.m; sourceTree = "<group>"; };
		739922991CE034E300846C9F /* Base */ = {isa = PBXFileReference; lastKnownFileType = file.storyboard; name = Base; path = Base.lproj/Main.storyboard; sourceTree = "<group>"; };
		7399229B1CE034E300846C9F /* Assets.xcassets */ = {isa = PBXFileReference; lastKnownFileType = folder.assetcatalog; path = Assets.xcassets; sourceTree = "<group>"; };
		7399229E1CE034E300846C9F /* Base */ = {isa = PBXFileReference; lastKnownFileType = file.storyboard; name = Base; path = Base.lproj/LaunchScreen.storyboard; sourceTree = "<group>"; };
		739922A01CE034E300846C9F /* Info.plist */ = {isa = PBXFileReference; lastKnownFileType = text.plist.xml; path = Info.plist; sourceTree = "<group>"; };
		739922A51CE034E300846C9F /* UUDatePicker_DemoUITests.xctest */ = {isa = PBXFileReference; explicitFileType = wrapper.cfbundle; includeInIndex = 0; path = UUDatePicker_DemoUITests.xctest; sourceTree = BUILT_PRODUCTS_DIR; };
		739922A91CE034E300846C9F /* UUDatePicker_DemoUITests.m */ = {isa = PBXFileReference; lastKnownFileType = sourcecode.c.objc; path = UUDatePicker_DemoUITests.m; sourceTree = "<group>"; };
		739922AB1CE034E300846C9F /* Info.plist */ = {isa = PBXFileReference; lastKnownFileType = text.plist.xml; path = Info.plist; sourceTree = "<group>"; };
/* End PBXFileReference section */

/* Begin PBXFrameworksBuildPhase section */
		739922891CE034E200846C9F /* Frameworks */ = {
			isa = PBXFrameworksBuildPhase;
			buildActionMask = 2147483647;
			files = (
			);
			runOnlyForDeploymentPostprocessing = 0;
		};
		739922A21CE034E300846C9F /* Frameworks */ = {
			isa = PBXFrameworksBuildPhase;
			buildActionMask = 2147483647;
			files = (
			);
			runOnlyForDeploymentPostprocessing = 0;
		};
/* End PBXFrameworksBuildPhase section */

/* Begin PBXGroup section */
		739922831CE034E200846C9F = {
			isa = PBXGroup;
			children = (
				7399228E1CE034E200846C9F /* UUDatePicker_Demo */,
				739922A81CE034E300846C9F /* UUDatePicker_DemoUITests */,
				7399228D1CE034E200846C9F /* Products */,
			);
			sourceTree = "<group>";
		};
		7399228D1CE034E200846C9F /* Products */ = {
			isa = PBXGroup;
			children = (
				7399228C1CE034E200846C9F /* UUDatePicker_Demo.app */,
				739922A51CE034E300846C9F /* UUDatePicker_DemoUITests.xctest */,
			);
			name = Products;
			sourceTree = "<group>";
		};
		7399228E1CE034E200846C9F /* UUDatePicker_Demo */ = {
			isa = PBXGroup;
			children = (
				739922921CE034E300846C9F /* AppDelegate.h */,
				739922931CE034E300846C9F /* AppDelegate.m */,
				739922951CE034E300846C9F /* ViewController.h */,
				739922961CE034E300846C9F /* ViewController.m */,
				739922981CE034E300846C9F /* Main.storyboard */,
				7399229B1CE034E300846C9F /* Assets.xcassets */,
				7399229D1CE034E300846C9F /* LaunchScreen.storyboard */,
				739922A01CE034E300846C9F /* Info.plist */,
				7399228F1CE034E300846C9F /* Supporting Files */,
			);
			path = UUDatePicker_Demo;
			sourceTree = "<group>";
		};
		7399228F1CE034E300846C9F /* Supporting Files */ = {
			isa = PBXGroup;
			children = (
				739922901CE034E300846C9F /* main.m */,
			);
			name = "Supporting Files";
			sourceTree = "<group>";
		};
		739922A81CE034E300846C9F /* UUDatePicker_DemoUITests */ = {
			isa = PBXGroup;
			children = (
				739922A91CE034E300846C9F /* UUDatePicker_DemoUITests.m */,
				739922AB1CE034E300846C9F /* Info.plist */,
			);
			path = UUDatePicker_DemoUITests;
			sourceTree = "<group>";
		};
/* End PBXGroup section */

/* Begin PBXNativeTarget section */
		7399228B1CE034E200846C9F /* UUDatePicker_Demo */ = {
			isa = PBXNativeTarget;
			buildConfigurationList = 739922AE1CE034E300846C9F /* Build configuration list for PBXNativeTarget "UUDatePicker_Demo" */;
			buildPhases = (
				739922881CE034E200846C9F /* Sources */,
				739922891CE034E200846C9F /* Frameworks */,
				7399228A1CE034E200846C9F /* Resources */,
			);
			buildRules = (
			);
			dependencies = (
			);
			name = UUDatePicker_Demo;
			productName = UUDatePicker_Demo;
			productReference = 7399228C1CE034E200846C9F /* UUDatePicker_Demo.app */;
			productType = "com.apple.product-type.application";
		};
		739922A41CE034E300846C9F /* UUDatePicker_DemoUITests */ = {
			isa = PBXNativeTarget;
			buildConfigurationList = 739922B11CE034E300846C9F /* Build configuration list for PBXNativeTarget "UUDatePicker_DemoUITests" */;
			buildPhases = (
				739922A11CE034E300846C9F /* Sources */,
				739922A21CE034E300846C9F /* Frameworks */,
				739922A31CE034E300846C9F /* Resources */,
			);
			buildRules = (
			);
			dependencies = (
				739922A71CE034E300846C9F /* PBXTargetDependency */,
			);
			name = UUDatePicker_DemoUITests;
			productName = UUDatePicker_DemoUITests;
			productReference = 739922A51CE034E300846C9F /* UUDatePicker_DemoUITests.xctest */;
			productType = "com.apple.product-type.bundle.ui-testing";
		};
/* End PBXNativeTarget section */

/* Begin PBXProject section */
		739922841CE034E200846C9F /* Project object */ = {
			isa = PBXProject;
			attributes = {
				LastUpgradeCheck = 0730;
				ORGANIZATIONNAME = qiye;
				TargetAttributes = {
					7399228B1CE034E200846C9F = {
						CreatedOnToolsVersion = 7.3.1;
					};
					739922A41CE034E300846C9F = {
						CreatedOnToolsVersion = 7.3.1;
						TestTargetID = 7399228B1CE034E200846C9F;
					};
				};
			};
			buildConfigurationList = 739922871CE034E200846C9F /* Build configuration list for PBXProject "UUDatePicker_Demo" */;
			compatibilityVersion = "Xcode 3.2";
			developmentRegion = English;
			hasScannedForEncodings = 0;
			knownRegions = (
				en,
				Base,
			);
			mainGroup = 739922831CE034E200846C9F;
			productRefGroup = 7399228D1CE034E200846C9F /* Products */;
			projectDirPath = "";
			projectRoot = "";
			targets = (
				7399228B1CE034E200846C9F /* UUDatePicker_Demo */,
				739922A41CE034E300846C9F /* UUDatePicker_DemoUITests */,
			);
		};
/* End PBXProject section */

/* Begin PBXResourcesBuildPhase section */
		7399228A1CE034E200846C9F /* Resources */ = {
			isa = PBXResourcesBuildPhase;
			buildActionMask = 2147483647;
			files = (
				7399229F1CE034E300846C9F /* LaunchScreen.storyboard in Resources */,
				7399229C1CE034E300846C9F /* Assets.xcassets in Resources */,
				7399229A1CE034E300846C9F /* Main.storyboard in Resources */,
			);
			runOnlyForDeploymentPostprocessing = 0;
		};
		739922A31CE034E300846C9F /* Resources */ = {
			isa = PBXResourcesBuildPhase;
			buildActionMask = 2147483647;
			files = (
			);
			runOnlyForDeploymentPostprocessing = 0;
		};
/* End PBXResourcesBuildPhase section */

/* Begin PBXSourcesBuildPhase section */
		739922881CE034E200846C9F /* Sources */ = {
			isa = PBXSourcesBuildPhase;
			buildActionMask = 2147483647;
			files = (
				739922971CE034E300846C9F /* ViewController.m in Sources */,
				739922941CE034E300846C9F /* AppDelegate.m in Sources */,
				739922911CE034E300846C9F /* main.m in Sources */,
			);
			runOnlyForDeploymentPostprocessing = 0;
		};
		739922A11CE034E300846C9F /* Sources */ = {
			isa = PBXSourcesBuildPhase;
			buildActionMask = 2147483647;
			files = (
				739922AA1CE034E300846C9F /* UUDatePicker_DemoUITests.m in Sources */,
			);
			runOnlyForDeploymentPostprocessing = 0;
		};
/* End PBXSourcesBuildPhase section */

/* Begin PBXTargetDependency section */
		739922A71CE034E300846C9F /* PBXTargetDependency */ = {
			isa = PBXTargetDependency;
			target = 7399228B1CE034E200846C9F /* UUDatePicker_Demo */;
			targetProxy = 739922A61CE034E300846C9F /* PBXContainerItemProxy */;
		};
/* End PBXTargetDependency section */

/* Begin PBXVariantGroup section */
		739922981CE034E300846C9F /* Main.storyboard */ = {
			isa = PBXVariantGroup;
			children = (
				739922991CE034E300846C9F /* Base */,
			);
			name = Main.storyboard;
			sourceTree = "<group>";
		};
		7399229D1CE034E300846C9F /* LaunchScreen.storyboard */ = {
			isa = PBXVariantGroup;
			children = (
				7399229E1CE034E300846C9F /* Base */,
			);
			name = LaunchScreen.storyboard;
			sourceTree = "<group>";
		};
/* End PBXVariantGroup section */

/* Begin XCBuildConfiguration section */
		739922AC1CE034E300846C9F /* Debug */ = {
			isa = XCBuildConfiguration;
			buildSettings = {
				ALWAYS_SEARCH_USER_PATHS = NO;
				CLANG_ANALYZER_NONNULL = YES;
				CLANG_CXX_LANGUAGE_STANDARD = "gnu++0x";
				CLANG_CXX_LIBRARY = "libc++";
				CLANG_ENABLE_MODULES = YES;
				CLANG_ENABLE_OBJC_ARC = YES;
				CLANG_WARN_BOOL_CONVERSION = YES;
				CLANG_WARN_CONSTANT_CONVERSION = YES;
				CLANG_WARN_DIRECT_OBJC_ISA_USAGE = YES_ERROR;
				CLANG_WARN_EMPTY_BODY = YES;
				CLANG_WARN_ENUM_CONVERSION = YES;
				CLANG_WARN_INT_CONVERSION = YES;
				CLANG_WARN_OBJC_ROOT_CLASS = YES_ERROR;
				CLANG_WARN_UNREACHABLE_CODE = YES;
				CLANG_WARN__DUPLICATE_METHOD_MATCH = YES;
				"CODE_SIGN_IDENTITY[sdk=iphoneos*]" = "iPhone Developer";
				COPY_PHASE_STRIP = NO;
				DEBUG_INFORMATION_FORMAT = dwarf;
				ENABLE_STRICT_OBJC_MSGSEND = YES;
				ENABLE_TESTABILITY = YES;
				GCC_C_LANGUAGE_STANDARD = gnu99;
				GCC_DYNAMIC_NO_PIC = NO;
				GCC_NO_COMMON_BLOCKS = YES;
				GCC_OPTIMIZATION_LEVEL = 0;
				GCC_PREPROCESSOR_DEFINITIONS = (
					"DEBUG=1",
					"$(inherited)",
				);
				GCC_WARN_64_TO_32_BIT_CONVERSION = YES;
				GCC_WARN_ABOUT_RETURN_TYPE = YES_ERROR;
				GCC_WARN_UNDECLARED_SELECTOR = YES;
				GCC_WARN_UNINITIALIZED_AUTOS = YES_AGGRESSIVE;
				GCC_WARN_UNUSED_FUNCTION = YES;
				GCC_WARN_UNUSED_VARIABLE = YES;
				IPHONEOS_DEPLOYMENT_TARGET = 9.3;
				MTL_ENABLE_DEBUG_INFO = YES;
				ONLY_ACTIVE_ARCH = YES;
				SDKROOT = iphoneos;
			};
			name = Debug;
		};
		739922AD1CE034E300846C9F /* Release */ = {
			isa = XCBuildConfiguration;
			buildSettings = {
				ALWAYS_SEARCH_USER_PATHS = NO;
				CLANG_ANALYZER_NONNULL = YES;
				CLANG_CXX_LANGUAGE_STANDARD = "gnu++0x";
				CLANG_CXX_LIBRARY = "libc++";
				CLANG_ENABLE_MODULES = YES;
				CLANG_ENABLE_OBJC_ARC = YES;
				CLANG_WARN_BOOL_CONVERSION = YES;
				CLANG_WARN_CONSTANT_CONVERSION = YES;
				CLANG_WARN_DIRECT_OBJC_ISA_USAGE = YES_ERROR;
				CLANG_WARN_EMPTY_BODY = YES;
				CLANG_WARN_ENUM_CONVERSION = YES;
				CLANG_WARN_INT_CONVERSION = YES;
				CLANG_WARN_OBJC_ROOT_CLASS = YES_ERROR;
				CLANG_WARN_UNREACHABLE_CODE = YES;
				CLANG_WARN__DUPLICATE_METHOD_MATCH = YES;
				"CODE_SIGN_IDENTITY[sdk=iphoneos*]" = "iPhone Developer";
				COPY_PHASE_STRIP = NO;
				DEBUG_INFORMATION_FORMAT = "dwarf-with-dsym";
				ENABLE_NS_ASSERTIONS = NO;
				ENABLE_STRICT_OBJC_MSGSEND = YES;
				GCC_C_LANGUAGE_STANDARD = gnu99;
				GCC_NO_COMMON_BLOCKS = YES;
				GCC_WARN_64_TO_32_BIT_CONVERSION = YES;
				GCC_WARN_ABOUT_RETURN_TYPE = YES_ERROR;
				GCC_WARN_UNDECLARED_SELECTOR = YES;
				GCC_WARN_UNINITIALIZED_AUTOS = YES_AGGRESSIVE;
				GCC_WARN_UNUSED_FUNCTION = YES;
				GCC_WARN_UNUSED_VARIABLE = YES;
				IPHONEOS_DEPLOYMENT_TARGET = 9.3;
				MTL_ENABLE_DEBUG_INFO = NO;
				SDKROOT = iphoneos;
				VALIDATE_PRODUCT = YES;
			};
			name = Release;
		};
		739922AF1CE034E300846C9F /* Debug */ = {
			isa = XCBuildConfiguration;
			buildSettings = {
				ASSETCATALOG_COMPILER_APPICON_NAME = AppIcon;
				INFOPLIST_FILE = UUDatePicker_Demo/Info.plist;
				LD_RUNPATH_SEARCH_PATHS = "$(inherited) @executable_path/Frameworks";
				PRODUCT_BUNDLE_IDENTIFIER = "com.qiye.UUDatePicker-Demo";
				PRODUCT_NAME = "$(TARGET_NAME)";
			};
			name = Debug;
		};
		739922B01CE034E300846C9F /* Release */ = {
			isa = XCBuildConfiguration;
			buildSettings = {
				ASSETCATALOG_COMPILER_APPICON_NAME = AppIcon;
				INFOPLIST_FILE = UUDatePicker_Demo/Info.plist;
				LD_RUNPATH_SEARCH_PATHS = "$(inherited) @executable_path/Frameworks";
				PRODUCT_BUNDLE_IDENTIFIER = "com.qiye.UUDatePicker-Demo";
				PRODUCT_NAME = "$(TARGET_NAME)";
			};
			name = Release;
		};
		739922B21CE034E300846C9F /* Debug */ = {
			isa = XCBuildConfiguration;
			buildSettings = {
				INFOPLIST_FILE = UUDatePicker_DemoUITests/Info.plist;
				LD_RUNPATH_SEARCH_PATHS = "$(inherited) @executable_path/Frameworks @loader_path/Frameworks";
				PRODUCT_BUNDLE_IDENTIFIER = "com.qiye.UUDatePicker-DemoUITests";
				PRODUCT_NAME = "$(TARGET_NAME)";
				TEST_TARGET_NAME = UUDatePicker_Demo;
			};
			name = Debug;
		};
		739922B31CE034E300846C9F /* Release */ = {
			isa = XCBuildConfiguration;
			buildSettings = {
				INFOPLIST_FILE = UUDatePicker_DemoUITests/Info.plist;
				LD_RUNPATH_SEARCH_PATHS = "$(inherited) @executable_path/Frameworks @loader_path/Frameworks";
				PRODUCT_BUNDLE_IDENTIFIER = "com.qiye.UUDatePicker-DemoUITests";
				PRODUCT_NAME = "$(TARGET_NAME)";
				TEST_TARGET_NAME = UUDatePicker_Demo;
			};
			name = Release;
		};
/* End XCBuildConfiguration section */

/* Begin XCConfigurationList section */
		739922871CE034E200846C9F /* Build configuration list for PBXProject "UUDatePicker_Demo" */ = {
			isa = XCConfigurationList;
			buildConfigurations = (
				739922AC1CE034E300846C9F /* Debug */,
				739922AD1CE034E300846C9F /* Release */,
			);
			defaultConfigurationIsVisible = 0;
			defaultConfigurationName = Release;
		};
		739922AE1CE034E300846C9F /* Build configuration list for PBXNativeTarget "UUDatePicker_Demo" */ = {
			isa = XCConfigurationList;
			buildConfigurations = (
				739922AF1CE034E300846C9F /* Debug */,
				739922B01CE034E300846C9F /* Release */,
			);
			defaultConfigurationIsVisible = 0;
		};
		739922B11CE034E300846C9F /* Build configuration list for PBXNativeTarget "UUDatePicker_DemoUITests" */ = {
			isa = XCConfigurationList;
			buildConfigurations = (
				739922B21CE034E300846C9F /* Debug */,
				739922B31CE034E300846C9F /* Release */,
			);
			defaultConfigurationIsVisible = 0;
		};
/* End XCConfigurationList section */
	};
	rootObject = 739922841CE034E200846C9F /* Project object */;
}
